
Microsoft Visual Studio Solution File, Format Version 12.00
# Visual Studio 15
VisualStudioVersion = 15.0.27130.2020
MinimumVisualStudioVersion = 10.0.40219.1
Project("{888888A0-9F3D-457C-B088-3A5042F75D52}") = "graphics", "graphics.pyproj", "{2ED5F868-6E6C-46DE-B016-F4E80A4DF56A}"
EndProject
Project("{8BC9CEB8-8B4A-11D0-8D11-00A0C91BC942}") = "RobotHandWindowsApp", "RobotHandWindowsApp.vcxproj", "{31D13702-BE83-40A3-9194-4A05CE7CDB34}"
EndProject
Global
	GlobalSection(SolutionConfigurationPlatforms) = preSolution
		Debug|Any CPU = Debug|Any CPU
		Debug|x64 = Debug|x64
		Debug|x86 = Debug|x86
		Release|Any CPU = Release|Any CPU
		Release|x64 = Release|x64
		Release|x86 = Release|x86
	EndGlobalSection
	GlobalSection(ProjectConfigurationPlatforms) = postSolution
		{2ED5F868-6E6C-46DE-B016-F4E80A4DF56A}.Debug|Any CPU.ActiveCfg = Debug|Any CPU
		{2ED5F868-6E6C-46DE-B016-F4E80A4DF56A}.Debug|x64.ActiveCfg = Debug|Any CPU
		{2ED5F868-6E6C-46DE-B016-F4E80A4DF56A}.Debug|x86.ActiveCfg = Debug|Any CPU
		{2ED5F868-6E6C-46DE-B016-F4E80A4DF56A}.Release|Any CPU.ActiveCfg = Release|Any CPU
		{2ED5F868-6E6C-46DE-B016-F4E80A4DF56A}.Release|x64.ActiveCfg = Release|Any CPU
		{2ED5F868-6E6C-46DE-B016-F4E80A4DF56A}.Release|x86.ActiveCfg = Release|Any CPU
		{31D13702-BE83-40A3-9194-4A05CE7CDB34}.Debug|Any CPU.ActiveCfg = Debug|Win32
		{31D13702-BE83-40A3-9194-4A05CE7CDB34}.Debug|x64.ActiveCfg = Debug|x64
		{31D13702-BE83-40A3-9194-4A05CE7CDB34}.Debug|x64.Build.0 = Debug|x64
		{31D13702-BE83-40A3-9194-4A05CE7CDB34}.Debug|x86.ActiveCfg = Debug|Win32
		{31D13702-BE83-40A3-9194-4A05CE7CDB34}.Debug|x86.Build.0 = Debug|Win32
		{31D13702-BE83-40A3-9194-4A05CE7CDB34}.Release|Any CPU.ActiveCfg = Release|Win32
		{31D13702-BE83-40A3-9194-4A05CE7CDB34}.Release|x64.ActiveCfg = Release|x64
		{31D13702-BE83-40A3-9194-4A05CE7CDB34}.Release|x64.Build.0 = Release|x64
		{31D13702-BE83-40A3-9194-4A05CE7CDB34}.Release|x86.ActiveCfg = Release|Win32
		{31D13702-BE83-40A3-9194-4A05CE7CDB34}.Release|x86.Build.0 = Release|Win32
	EndGlobalSection
	GlobalSection(SolutionProperties) = preSolution
		HideSolutionNode = FALSE
	EndGlobalSection
	GlobalSection(ExtensibilityGlobals) = postSolution
		SolutionGuid = {174E294B-8ABF-4213-B7A5-4B33380D4266}
	EndGlobalSection
EndGlobal
