
Microsoft Visual Studio Solution File, Format Version 12.00
# Visual Studio 15
VisualStudioVersion = 15.0.27130.2020
MinimumVisualStudioVersion = 10.0.40219.1
Project("{888888A0-9F3D-457C-B088-3A5042F75D52}") = "graphics", "graphics.pyproj", "{2ED5F868-6E6C-46DE-B016-F4E80A4DF56A}"
EndProject
Project("{8BC9CEB8-8B4A-11D0-8D11-00A0C91BC942}") = "RobotHandWindowsApp", "RobotHandWindowsApp.vcxproj", "{31D13702-BE83-40A3-9194-4A05CE7CDB34}"
EndProject
Project("{8BC9CEB8-8B4A-11D0-8D11-00A0C91BC942}") = "Approx", "Approx\Approx.vcxproj", "{2068574B-0943-420E-BE4C-ACCEFECE02FD}"
EndProject
Global
	GlobalSection(SolutionConfigurationPlatforms) = preSolution
		Debug|Any CPU = Debug|Any CPU
		Debug|x64 = Debug|x64
		Debug|x86 = Debug|x86
		Hand|Any CPU = Hand|Any CPU
		Hand|x64 = Hand|x64
		Hand|x86 = Hand|x86
		HandTest-Debug|Any CPU = HandTest-Debug|Any CPU
		HandTest-Debug|x64 = HandTest-Debug|x64
		HandTest-Debug|x86 = HandTest-Debug|x86
		HandTesting|Any CPU = HandTesting|Any CPU
		HandTesting|x64 = HandTesting|x64
		HandTesting|x86 = HandTesting|x86
		Release|Any CPU = Release|Any CPU
		Release|x64 = Release|x64
		Release|x86 = Release|x86
		Tank|Any CPU = Tank|Any CPU
		Tank|x64 = Tank|x64
		Tank|x86 = Tank|x86
		TankTesting|Any CPU = TankTesting|Any CPU
		TankTesting|x64 = TankTesting|x64
		TankTesting|x86 = TankTesting|x86
	EndGlobalSection
	GlobalSection(ProjectConfigurationPlatforms) = postSolution
		{2ED5F868-6E6C-46DE-B016-F4E80A4DF56A}.Debug|Any CPU.ActiveCfg = Debug|Any CPU
		{2ED5F868-6E6C-46DE-B016-F4E80A4DF56A}.Debug|x64.ActiveCfg = Debug|Any CPU
		{2ED5F868-6E6C-46DE-B016-F4E80A4DF56A}.Debug|x86.ActiveCfg = Debug|Any CPU
		{2ED5F868-6E6C-46DE-B016-F4E80A4DF56A}.Hand|Any CPU.ActiveCfg = Release|Any CPU
		{2ED5F868-6E6C-46DE-B016-F4E80A4DF56A}.Hand|x64.ActiveCfg = Release|Any CPU
		{2ED5F868-6E6C-46DE-B016-F4E80A4DF56A}.Hand|x86.ActiveCfg = Release|Any CPU
		{2ED5F868-6E6C-46DE-B016-F4E80A4DF56A}.HandTest-Debug|Any CPU.ActiveCfg = Debug|Any CPU
		{2ED5F868-6E6C-46DE-B016-F4E80A4DF56A}.HandTest-Debug|x64.ActiveCfg = Debug|Any CPU
		{2ED5F868-6E6C-46DE-B016-F4E80A4DF56A}.HandTest-Debug|x86.ActiveCfg = Debug|Any CPU
		{2ED5F868-6E6C-46DE-B016-F4E80A4DF56A}.HandTesting|Any CPU.ActiveCfg = Release|Any CPU
		{2ED5F868-6E6C-46DE-B016-F4E80A4DF56A}.HandTesting|x64.ActiveCfg = Release|Any CPU
		{2ED5F868-6E6C-46DE-B016-F4E80A4DF56A}.HandTesting|x86.ActiveCfg = Release|Any CPU
		{2ED5F868-6E6C-46DE-B016-F4E80A4DF56A}.Release|Any CPU.ActiveCfg = Release|Any CPU
		{2ED5F868-6E6C-46DE-B016-F4E80A4DF56A}.Release|x64.ActiveCfg = Release|Any CPU
		{2ED5F868-6E6C-46DE-B016-F4E80A4DF56A}.Release|x86.ActiveCfg = Release|Any CPU
		{2ED5F868-6E6C-46DE-B016-F4E80A4DF56A}.Tank|Any CPU.ActiveCfg = Release|Any CPU
		{2ED5F868-6E6C-46DE-B016-F4E80A4DF56A}.Tank|x64.ActiveCfg = Release|Any CPU
		{2ED5F868-6E6C-46DE-B016-F4E80A4DF56A}.Tank|x86.ActiveCfg = Release|Any CPU
		{2ED5F868-6E6C-46DE-B016-F4E80A4DF56A}.TankTesting|Any CPU.ActiveCfg = Release|Any CPU
		{2ED5F868-6E6C-46DE-B016-F4E80A4DF56A}.TankTesting|x64.ActiveCfg = Release|Any CPU
		{2ED5F868-6E6C-46DE-B016-F4E80A4DF56A}.TankTesting|x86.ActiveCfg = Release|Any CPU
		{31D13702-BE83-40A3-9194-4A05CE7CDB34}.Debug|Any CPU.ActiveCfg = Debug|Win32
		{31D13702-BE83-40A3-9194-4A05CE7CDB34}.Debug|x64.ActiveCfg = Debug|x64
		{31D13702-BE83-40A3-9194-4A05CE7CDB34}.Debug|x64.Build.0 = Debug|x64
		{31D13702-BE83-40A3-9194-4A05CE7CDB34}.Debug|x86.ActiveCfg = Debug|Win32
		{31D13702-BE83-40A3-9194-4A05CE7CDB34}.Debug|x86.Build.0 = Debug|Win32
		{31D13702-BE83-40A3-9194-4A05CE7CDB34}.Hand|Any CPU.ActiveCfg = Hand|Win32
		{31D13702-BE83-40A3-9194-4A05CE7CDB34}.Hand|x64.ActiveCfg = Hand|x64
		{31D13702-BE83-40A3-9194-4A05CE7CDB34}.Hand|x64.Build.0 = Hand|x64
		{31D13702-BE83-40A3-9194-4A05CE7CDB34}.Hand|x86.ActiveCfg = Hand|Win32
		{31D13702-BE83-40A3-9194-4A05CE7CDB34}.Hand|x86.Build.0 = Hand|Win32
		{31D13702-BE83-40A3-9194-4A05CE7CDB34}.HandTest-Debug|Any CPU.ActiveCfg = HandTest-Debug|Win32
		{31D13702-BE83-40A3-9194-4A05CE7CDB34}.HandTest-Debug|x64.ActiveCfg = HandTest-Debug|x64
		{31D13702-BE83-40A3-9194-4A05CE7CDB34}.HandTest-Debug|x64.Build.0 = HandTest-Debug|x64
		{31D13702-BE83-40A3-9194-4A05CE7CDB34}.HandTest-Debug|x86.ActiveCfg = HandTest-Debug|Win32
		{31D13702-BE83-40A3-9194-4A05CE7CDB34}.HandTest-Debug|x86.Build.0 = HandTest-Debug|Win32
		{31D13702-BE83-40A3-9194-4A05CE7CDB34}.HandTesting|Any CPU.ActiveCfg = HandTesting|Win32
		{31D13702-BE83-40A3-9194-4A05CE7CDB34}.HandTesting|x64.ActiveCfg = HandTesting|x64
		{31D13702-BE83-40A3-9194-4A05CE7CDB34}.HandTesting|x64.Build.0 = HandTesting|x64
		{31D13702-BE83-40A3-9194-4A05CE7CDB34}.HandTesting|x86.ActiveCfg = HandTesting|Win32
		{31D13702-BE83-40A3-9194-4A05CE7CDB34}.HandTesting|x86.Build.0 = HandTesting|Win32
		{31D13702-BE83-40A3-9194-4A05CE7CDB34}.Release|Any CPU.ActiveCfg = Release|Win32
		{31D13702-BE83-40A3-9194-4A05CE7CDB34}.Release|x64.ActiveCfg = Release|x64
		{31D13702-BE83-40A3-9194-4A05CE7CDB34}.Release|x64.Build.0 = Release|x64
		{31D13702-BE83-40A3-9194-4A05CE7CDB34}.Release|x86.ActiveCfg = Release|Win32
		{31D13702-BE83-40A3-9194-4A05CE7CDB34}.Release|x86.Build.0 = Release|Win32
		{31D13702-BE83-40A3-9194-4A05CE7CDB34}.Tank|Any CPU.ActiveCfg = Tank|Win32
		{31D13702-BE83-40A3-9194-4A05CE7CDB34}.Tank|x64.ActiveCfg = Tank|x64
		{31D13702-BE83-40A3-9194-4A05CE7CDB34}.Tank|x64.Build.0 = Tank|x64
		{31D13702-BE83-40A3-9194-4A05CE7CDB34}.Tank|x86.ActiveCfg = Tank|Win32
		{31D13702-BE83-40A3-9194-4A05CE7CDB34}.Tank|x86.Build.0 = Tank|Win32
		{31D13702-BE83-40A3-9194-4A05CE7CDB34}.TankTesting|Any CPU.ActiveCfg = TankTesting|Win32
		{31D13702-BE83-40A3-9194-4A05CE7CDB34}.TankTesting|x64.ActiveCfg = TankTesting|x64
		{31D13702-BE83-40A3-9194-4A05CE7CDB34}.TankTesting|x64.Build.0 = TankTesting|x64
		{31D13702-BE83-40A3-9194-4A05CE7CDB34}.TankTesting|x86.ActiveCfg = TankTesting|Win32
		{31D13702-BE83-40A3-9194-4A05CE7CDB34}.TankTesting|x86.Build.0 = TankTesting|Win32
		{2068574B-0943-420E-BE4C-ACCEFECE02FD}.Debug|Any CPU.ActiveCfg = Debug|Win32
		{2068574B-0943-420E-BE4C-ACCEFECE02FD}.Debug|x64.ActiveCfg = Debug|x64
		{2068574B-0943-420E-BE4C-ACCEFECE02FD}.Debug|x64.Build.0 = Debug|x64
		{2068574B-0943-420E-BE4C-ACCEFECE02FD}.Debug|x86.ActiveCfg = Debug|Win32
		{2068574B-0943-420E-BE4C-ACCEFECE02FD}.Debug|x86.Build.0 = Debug|Win32
		{2068574B-0943-420E-BE4C-ACCEFECE02FD}.Hand|Any CPU.ActiveCfg = Release|x64
		{2068574B-0943-420E-BE4C-ACCEFECE02FD}.Hand|x64.ActiveCfg = Release|x64
		{2068574B-0943-420E-BE4C-ACCEFECE02FD}.Hand|x86.ActiveCfg = Release|Win32
		{2068574B-0943-420E-BE4C-ACCEFECE02FD}.HandTest-Debug|Any CPU.ActiveCfg = Release|x64
		{2068574B-0943-420E-BE4C-ACCEFECE02FD}.HandTest-Debug|x64.ActiveCfg = Debug|x64
		{2068574B-0943-420E-BE4C-ACCEFECE02FD}.HandTest-Debug|x86.ActiveCfg = Debug|Win32
		{2068574B-0943-420E-BE4C-ACCEFECE02FD}.HandTesting|Any CPU.ActiveCfg = Tank|x64
		{2068574B-0943-420E-BE4C-ACCEFECE02FD}.HandTesting|x64.ActiveCfg = Tank|x64
		{2068574B-0943-420E-BE4C-ACCEFECE02FD}.HandTesting|x86.ActiveCfg = Tank|Win32
		{2068574B-0943-420E-BE4C-ACCEFECE02FD}.Release|Any CPU.ActiveCfg = Release|Win32
		{2068574B-0943-420E-BE4C-ACCEFECE02FD}.Release|x64.ActiveCfg = Release|x64
		{2068574B-0943-420E-BE4C-ACCEFECE02FD}.Release|x64.Build.0 = Release|x64
		{2068574B-0943-420E-BE4C-ACCEFECE02FD}.Release|x86.ActiveCfg = Release|Win32
		{2068574B-0943-420E-BE4C-ACCEFECE02FD}.Release|x86.Build.0 = Release|Win32
		{2068574B-0943-420E-BE4C-ACCEFECE02FD}.Tank|Any CPU.ActiveCfg = Tank|Win32
		{2068574B-0943-420E-BE4C-ACCEFECE02FD}.Tank|x64.ActiveCfg = Tank|x64
		{2068574B-0943-420E-BE4C-ACCEFECE02FD}.Tank|x64.Build.0 = Tank|x64
		{2068574B-0943-420E-BE4C-ACCEFECE02FD}.Tank|x86.ActiveCfg = Tank|Win32
		{2068574B-0943-420E-BE4C-ACCEFECE02FD}.Tank|x86.Build.0 = Tank|Win32
		{2068574B-0943-420E-BE4C-ACCEFECE02FD}.TankTesting|Any CPU.ActiveCfg = TankTesting|Win32
		{2068574B-0943-420E-BE4C-ACCEFECE02FD}.TankTesting|x64.ActiveCfg = TankTesting|x64
		{2068574B-0943-420E-BE4C-ACCEFECE02FD}.TankTesting|x86.ActiveCfg = TankTesting|Win32
	EndGlobalSection
	GlobalSection(SolutionProperties) = preSolution
		HideSolutionNode = FALSE
	EndGlobalSection
	GlobalSection(ExtensibilityGlobals) = postSolution
		SolutionGuid = {174E294B-8ABF-4213-B7A5-4B33380D4266}
	EndGlobalSection
EndGlobal
